
Microsoft Visual Studio Solution File, Format Version 12.00
# Visual Studio Version 17
VisualStudioVersion = 17.8.34330.188
MinimumVisualStudioVersion = 10.0.40219.1
Project("{9A19103F-16F7-4668-BE54-9A1E7A4F7556}") = "Digital Wallet", "Digital Wallet.csproj", "{98C5050E-CF6E-4C42-B211-990A2CE629FE}"
EndProject
Project("{2150E333-8FDC-42A3-9474-1A3956D46DE8}") = "Solution Items", "Solution Items", "{6CFE1FF6-F537-4614-A316-DEAD842051F7}"
	ProjectSection(SolutionItems) = preProject
		.editorconfig = .editorconfig
	EndProjectSection
EndProject
Global
	GlobalSection(SolutionConfigurationPlatforms) = preSolution
		Debug|Any CPU = Debug|Any CPU
		Release|Any CPU = Release|Any CPU
	EndGlobalSection
	GlobalSection(ProjectConfigurationPlatforms) = postSolution
		{98C5050E-CF6E-4C42-B211-990A2CE629FE}.Debug|Any CPU.ActiveCfg = Debug|Any CPU
		{98C5050E-CF6E-4C42-B211-990A2CE629FE}.Debug|Any CPU.Build.0 = Debug|Any CPU
		{98C5050E-CF6E-4C42-B211-990A2CE629FE}.Release|Any CPU.ActiveCfg = Release|Any CPU
		{98C5050E-CF6E-4C42-B211-990A2CE629FE}.Release|Any CPU.Build.0 = Release|Any CPU
	EndGlobalSection
	GlobalSection(SolutionProperties) = preSolution
		HideSolutionNode = FALSE
	EndGlobalSection
	GlobalSection(ExtensibilityGlobals) = postSolution
		SolutionGuid = {EF4ECB6E-F672-4DB0-B938-8BC2759888C6}
	EndGlobalSection
EndGlobal
